
Microsoft Visual Studio Solution File, Format Version 12.00
# Visual Studio 14
VisualStudioVersion = 14.0.25420.1
MinimumVisualStudioVersion = 10.0.40219.1
Project("{FAE04EC0-301F-11D3-BF4B-00C04F79EFBC}") = "BlackJackWcfService", "BlackJackWcfService\BlackJackWcfService.csproj", "{D38D6C85-2341-428D-896E-357B967A86BF}"
EndProject
Project("{FAE04EC0-301F-11D3-BF4B-00C04F79EFBC}") = "BlackJack", "BlackJack\BlackJack.csproj", "{36E0B620-4798-47F8-AD95-7476DD422904}"
EndProject
Global
	GlobalSection(SolutionConfigurationPlatforms) = preSolution
		Debug|Any CPU = Debug|Any CPU
		Release|Any CPU = Release|Any CPU
	EndGlobalSection
	GlobalSection(ProjectConfigurationPlatforms) = postSolution
		{D38D6C85-2341-428D-896E-357B967A86BF}.Debug|Any CPU.ActiveCfg = Debug|Any CPU
		{D38D6C85-2341-428D-896E-357B967A86BF}.Debug|Any CPU.Build.0 = Debug|Any CPU
		{D38D6C85-2341-428D-896E-357B967A86BF}.Release|Any CPU.ActiveCfg = Release|Any CPU
		{D38D6C85-2341-428D-896E-357B967A86BF}.Release|Any CPU.Build.0 = Release|Any CPU
		{36E0B620-4798-47F8-AD95-7476DD422904}.Debug|Any CPU.ActiveCfg = Debug|Any CPU
		{36E0B620-4798-47F8-AD95-7476DD422904}.Debug|Any CPU.Build.0 = Debug|Any CPU
		{36E0B620-4798-47F8-AD95-7476DD422904}.Release|Any CPU.ActiveCfg = Release|Any CPU
		{36E0B620-4798-47F8-AD95-7476DD422904}.Release|Any CPU.Build.0 = Release|Any CPU
	EndGlobalSection
	GlobalSection(SolutionProperties) = preSolution
		HideSolutionNode = FALSE
	EndGlobalSection
EndGlobal
